
Microsoft Visual Studio Solution File, Format Version 12.00
# Visual Studio Version 17
VisualStudioVersion = 17.4.32912.340
MinimumVisualStudioVersion = 10.0.40219.1
Project("{9A19103F-16F7-4668-BE54-9A1E7A4F7556}") = "SwimmingTool.Api", "src\SwimmingTool.Api\SwimmingTool.Api.csproj", "{1A4B52C1-7A42-4402-8EEA-0ECED21078E7}"
EndProject
Project("{9A19103F-16F7-4668-BE54-9A1E7A4F7556}") = "SwimmingTool.Infrastructure", "src\SwimmingTool.Infrastructure\SwimmingTool.Infrastructure.csproj", "{05FB0630-6F15-4A7D-96DE-F4444AD5AA50}"
EndProject
Project("{9A19103F-16F7-4668-BE54-9A1E7A4F7556}") = "SwimmingTool.Domain", "src\SwimmingTool.Domain\SwimmingTool.Domain.csproj", "{8A1B0EEB-9E96-41DC-A125-54986553AAC4}"
EndProject
Project("{FAE04EC0-301F-11D3-BF4B-00C04F79EFBC}") = "SwimmingTool.Application", "src\SwimmingTool.Application\SwimmingTool.Application.csproj", "{63C2CA37-2DF8-42F8-88D8-B2EC820E9A5D}"
EndProject
Project("{2150E333-8FDC-42A3-9474-1A3956D46DE8}") = "src", "src", "{AAB722A7-C4F0-487E-8521-1521B1D742D8}"
EndProject
Project("{2150E333-8FDC-42A3-9474-1A3956D46DE8}") = "test", "test", "{428A842C-D040-4FFF-B896-0D0C9B29A288}"
EndProject
Project("{FAE04EC0-301F-11D3-BF4B-00C04F79EFBC}") = "SwimmingTool.Api.Tests", "test\SwimmingTool.Api.Tests\SwimmingTool.Api.Tests.csproj", "{57041EFF-EA05-49BE-9708-DBF42A7EB8F9}"
EndProject
Project("{2150E333-8FDC-42A3-9474-1A3956D46DE8}") = "containers", "containers", "{E9F60463-5753-4858-AE99-C5537036EDE0}"
EndProject
Project("{2150E333-8FDC-42A3-9474-1A3956D46DE8}") = "Solution Items", "Solution Items", "{A2100601-944D-4E4E-A35B-475C309BAC47}"
	ProjectSection(SolutionItems) = preProject
		docker-compose.yml = docker-compose.yml
	EndProjectSection
EndProject
Project("{FAE04EC0-301F-11D3-BF4B-00C04F79EFBC}") = "InsightsManager", "src\InsightsManager\InsightsManager.csproj", "{014F319D-9194-401E-A819-30BD42D5814F}"
EndProject
Global
	GlobalSection(SolutionConfigurationPlatforms) = preSolution
		Debug|Any CPU = Debug|Any CPU
		Release|Any CPU = Release|Any CPU
	EndGlobalSection
	GlobalSection(ProjectConfigurationPlatforms) = postSolution
		{1A4B52C1-7A42-4402-8EEA-0ECED21078E7}.Debug|Any CPU.ActiveCfg = Debug|Any CPU
		{1A4B52C1-7A42-4402-8EEA-0ECED21078E7}.Debug|Any CPU.Build.0 = Debug|Any CPU
		{1A4B52C1-7A42-4402-8EEA-0ECED21078E7}.Release|Any CPU.ActiveCfg = Release|Any CPU
		{1A4B52C1-7A42-4402-8EEA-0ECED21078E7}.Release|Any CPU.Build.0 = Release|Any CPU
		{05FB0630-6F15-4A7D-96DE-F4444AD5AA50}.Debug|Any CPU.ActiveCfg = Debug|Any CPU
		{05FB0630-6F15-4A7D-96DE-F4444AD5AA50}.Debug|Any CPU.Build.0 = Debug|Any CPU
		{05FB0630-6F15-4A7D-96DE-F4444AD5AA50}.Release|Any CPU.ActiveCfg = Release|Any CPU
		{05FB0630-6F15-4A7D-96DE-F4444AD5AA50}.Release|Any CPU.Build.0 = Release|Any CPU
		{8A1B0EEB-9E96-41DC-A125-54986553AAC4}.Debug|Any CPU.ActiveCfg = Debug|Any CPU
		{8A1B0EEB-9E96-41DC-A125-54986553AAC4}.Debug|Any CPU.Build.0 = Debug|Any CPU
		{8A1B0EEB-9E96-41DC-A125-54986553AAC4}.Release|Any CPU.ActiveCfg = Release|Any CPU
		{8A1B0EEB-9E96-41DC-A125-54986553AAC4}.Release|Any CPU.Build.0 = Release|Any CPU
		{63C2CA37-2DF8-42F8-88D8-B2EC820E9A5D}.Debug|Any CPU.ActiveCfg = Debug|Any CPU
		{63C2CA37-2DF8-42F8-88D8-B2EC820E9A5D}.Debug|Any CPU.Build.0 = Debug|Any CPU
		{63C2CA37-2DF8-42F8-88D8-B2EC820E9A5D}.Release|Any CPU.ActiveCfg = Release|Any CPU
		{63C2CA37-2DF8-42F8-88D8-B2EC820E9A5D}.Release|Any CPU.Build.0 = Release|Any CPU
		{57041EFF-EA05-49BE-9708-DBF42A7EB8F9}.Debug|Any CPU.ActiveCfg = Debug|Any CPU
		{57041EFF-EA05-49BE-9708-DBF42A7EB8F9}.Debug|Any CPU.Build.0 = Debug|Any CPU
		{57041EFF-EA05-49BE-9708-DBF42A7EB8F9}.Release|Any CPU.ActiveCfg = Release|Any CPU
		{57041EFF-EA05-49BE-9708-DBF42A7EB8F9}.Release|Any CPU.Build.0 = Release|Any CPU
		{014F319D-9194-401E-A819-30BD42D5814F}.Debug|Any CPU.ActiveCfg = Debug|Any CPU
		{014F319D-9194-401E-A819-30BD42D5814F}.Debug|Any CPU.Build.0 = Debug|Any CPU
		{014F319D-9194-401E-A819-30BD42D5814F}.Release|Any CPU.ActiveCfg = Release|Any CPU
		{014F319D-9194-401E-A819-30BD42D5814F}.Release|Any CPU.Build.0 = Release|Any CPU
	EndGlobalSection
	GlobalSection(SolutionProperties) = preSolution
		HideSolutionNode = FALSE
	EndGlobalSection
	GlobalSection(ExtensibilityGlobals) = postSolution
		SolutionGuid = {9863FFF9-49F7-403F-A7CE-908362ACC037}
	EndGlobalSection
	GlobalSection(NestedProjects) = preSolution
		{1A4B52C1-7A42-4402-8EEA-0ECED21078E7} = {AAB722A7-C4F0-487E-8521-1521B1D742D8}
		{63C2CA37-2DF8-42F8-88D8-B2EC820E9A5D} = {AAB722A7-C4F0-487E-8521-1521B1D742D8}
		{8A1B0EEB-9E96-41DC-A125-54986553AAC4} = {AAB722A7-C4F0-487E-8521-1521B1D742D8}
		{05FB0630-6F15-4A7D-96DE-F4444AD5AA50} = {AAB722A7-C4F0-487E-8521-1521B1D742D8}
		{57041EFF-EA05-49BE-9708-DBF42A7EB8F9} = {428A842C-D040-4FFF-B896-0D0C9B29A288}
		{014F319D-9194-401E-A819-30BD42D5814F} = {AAB722A7-C4F0-487E-8521-1521B1D742D8}
	EndGlobalSection
EndGlobal
